<?xml version="1.0" encoding="utf-8"?>
<Project ToolsVersion="4.0" xmlns="http://schemas.microsoft.com/developer/msbuild/2003">
  <ItemGroup>
    <Filter Include="Source Files">
      <UniqueIdentifier>{4FC737F1-C7A5-4376-A066-2A32D752A2FF}</UniqueIdentifier>
      <Extensions>cpp;c;cc;cxx;c++;cppm;ixx;def;odl;idl;hpj;bat;asm;asmx</Extensions>
    </Filter>
    <Filter Include="Header Files">
      <UniqueIdentifier>{93995380-89BD-4b04-88EB-625FBE52EBFB}</UniqueIdentifier>
      <Extensions>h;hh;hpp;hxx;h++;hm;inl;inc;ipp;xsd</Extensions>
    </Filter>
    <Filter Include="Resource Files">
      <UniqueIdentifier>{67DA6AB6-F800-4c08-8B7A-83BB121AAD01}</UniqueIdentifier>
      <Extensions>rc;ico;cur;bmp;dlg;rc2;rct;bin;rgs;gif;jpg;jpeg;jpe;resx;tiff;tif;png;wav;mfcribbon-ms</Extensions>
    </Filter>
    <Filter Include="Header Files\IO">
      <UniqueIdentifier>{71494ecb-7e98-4bdd-a438-cd09bf145e19}</UniqueIdentifier>
    </Filter>
    <Filter Include="Header Files\Algo">
      <UniqueIdentifier>{4bbd893f-c051-4ae7-ac48-6b4c00cc9a3b}</UniqueIdentifier>
    </Filter>
    <Filter Include="Source Files\IO">
      <UniqueIdentifier>{2cdb3acb-6830-4b01-b5ac-69653a95da29}</UniqueIdentifier>
    </Filter>
    <Filter Include="Source Files\Algo">
      <UniqueIdentifier>{6249147f-fb64-4635-a7a2-e1bd7fa3e8a3}</UniqueIdentifier>
    </Filter>
  </ItemGroup>
  <ItemGroup>
    <ClCompile Include="scooters.cpp">
      <Filter>Source Files</Filter>
    </ClCompile>
    <ClCompile Include="parser.cpp">
      <Filter>Source Files\IO</Filter>
    </ClCompile>
    <ClCompile Include="generator.cpp">
      <Filter>Source Files\Algo</Filter>
    </ClCompile>
    <ClCompile Include="random.cpp">
      <Filter>Source Files\Algo</Filter>
    </ClCompile>
    <ClCompile Include="output.cpp">
      <Filter>Source Files\IO</Filter>
    </ClCompile>
  </ItemGroup>
  <ItemGroup>
    <ClInclude Include="structures.h">
      <Filter>Header Files</Filter>
    </ClInclude>
    <ClInclude Include="parser.h">
      <Filter>Header Files\IO</Filter>
    </ClInclude>
    <ClInclude Include="generator.h">
      <Filter>Header Files\Algo</Filter>
    </ClInclude>
    <ClInclude Include="random.h">
      <Filter>Header Files\Algo</Filter>
    </ClInclude>
    <ClInclude Include="output.h">
      <Filter>Header Files\IO</Filter>
    </ClInclude>
  </ItemGroup>
</Project>